github.com/LoniasGR/hyperledger-fabric-sla-chaincode/lib v0.0.0-20220118115453-bb3a8f6194cc h1:pY9mXXWiGlBDMNuHBlp1lMom1h69ikKt3Cp1s7gDhS0=
github.com/LoniasGR/hyperledger-fabric-sla-chaincode/lib v0.0.0-20220118115453-bb3a8f6194cc/go.mod h1:0ztjNdxiGLuhbZ518t/CluXIHYKkE5jpB4vWHFIKomw=
github.com/confluentinc/confluent-kafka-go v1.8.2 h1:PBdbvYpyOdFLehj8j+9ba7FL4c4Moxn79gy9cYKxG5E=
github.com/confluentinc/confluent-kafka-go v1.8.2/go.mod h1:u2zNLny2xq+5rWeTQjFHbDzzNuba4P1vo31r9r4uAdg=
